{
  "name": "enrichStory",
  "lockfileVersion": 3,
  "requires": true,
  "packages": {
    "": {
      "dependencies": {
        "@prisma/client": "^6.12.0",
        "@radix-ui/react-slot": "^1.2.3",
        "clsx": "^2.1.1",
        "framer-motion": "^12.23.9",
        "lucide-react": "^0.525.0",
        "next-themes": "^0.4.6",
        "tailwind-merge": "^3.3.1"
      },
      "devDependencies": {
        "prisma": "^6.12.0"
      }
    },
    "node_modules/@prisma/client": {
      "version": "6.12.0",
      "resolved": "https://registry.npmjs.org/@prisma/client/-/client-6.12.0.tgz",
      "integrity": "sha512-wn98bJ3Cj6edlF4jjpgXwbnQIo/fQLqqQHPk2POrZPxTlhY3+n90SSIF3LMRVa8VzRFC/Gec3YKJRxRu+AIGVA==",
      "hasInstallScript": true,
      "license": "Apache-2.0",
      "engines": {
        "node": ">=18.18"
      },
      "peerDependencies": {
        "prisma": "*",
        "typescript": ">=5.1.0"
      },
      "peerDependenciesMeta": {
        "prisma": {
          "optional": true
        },
        "typescript": {
          "optional": true
        }
      }
    },
    "node_modules/@prisma/config": {
      "version": "6.12.0",
      "resolved": "https://registry.npmjs.org/@prisma/config/-/config-6.12.0.tgz",
      "integrity": "sha512-HovZWzhWEMedHxmjefQBRZa40P81N7/+74khKFz9e1AFjakcIQdXgMWKgt20HaACzY+d1LRBC+L4tiz71t9fkg==",
      "devOptional": true,
      "license": "Apache-2.0",
      "dependencies": {
        "jiti": "2.4.2"
      }
    },
    "node_modules/@prisma/debug": {
      "version": "6.12.0",
      "resolved": "https://registry.npmjs.org/@prisma/debug/-/debug-6.12.0.tgz",
      "integrity": "sha512-plbz6z72orcqr0eeio7zgUrZj5EudZUpAeWkFTA/DDdXEj28YHDXuiakvR6S7sD6tZi+jiwQEJAPeV6J6m/tEQ==",
      "devOptional": true,
      "license": "Apache-2.0"
    },
    "node_modules/@prisma/engines": {
      "version": "6.12.0",
      "resolved": "https://registry.npmjs.org/@prisma/engines/-/engines-6.12.0.tgz",
      "integrity": "sha512-4BRZZUaAuB4p0XhTauxelvFs7IllhPmNLvmla0bO1nkECs8n/o1pUvAVbQ/VOrZR5DnF4HED0PrGai+rIOVePA==",
      "devOptional": true,
      "hasInstallScript": true,
      "license": "Apache-2.0",
      "dependencies": {
        "@prisma/debug": "6.12.0",
        "@prisma/engines-version": "6.12.0-15.8047c96bbd92db98a2abc7c9323ce77c02c89dbc",
        "@prisma/fetch-engine": "6.12.0",
        "@prisma/get-platform": "6.12.0"
      }
    },
    "node_modules/@prisma/engines-version": {
      "version": "6.12.0-15.8047c96bbd92db98a2abc7c9323ce77c02c89dbc",
      "resolved": "https://registry.npmjs.org/@prisma/engines-version/-/engines-version-6.12.0-15.8047c96bbd92db98a2abc7c9323ce77c02c89dbc.tgz",
      "integrity": "sha512-70vhecxBJlRr06VfahDzk9ow4k1HIaSfVUT3X0/kZoHCMl9zbabut4gEXAyzJZxaCGi5igAA7SyyfBI//mmkbQ==",
      "devOptional": true,
      "license": "Apache-2.0"
    },
    "node_modules/@prisma/fetch-engine": {
      "version": "6.12.0",
      "resolved": "https://registry.npmjs.org/@prisma/fetch-engine/-/fetch-engine-6.12.0.tgz",
      "integrity": "sha512-EamoiwrK46rpWaEbLX9aqKDPOd8IyLnZAkiYXFNuq0YsU0Z8K09/rH8S7feOWAVJ3xzeSgcEJtBlVDrajM9Sag==",
      "devOptional": true,
      "license": "Apache-2.0",
      "dependencies": {
        "@prisma/debug": "6.12.0",
        "@prisma/engines-version": "6.12.0-15.8047c96bbd92db98a2abc7c9323ce77c02c89dbc",
        "@prisma/get-platform": "6.12.0"
      }
    },
    "node_modules/@prisma/get-platform": {
      "version": "6.12.0",
      "resolved": "https://registry.npmjs.org/@prisma/get-platform/-/get-platform-6.12.0.tgz",
      "integrity": "sha512-nRerTGhTlgyvcBlyWgt8OLNIV7QgJS2XYXMJD1hysorMCuLAjuDDuoxmVt7C2nLxbuxbWPp7OuFRHC23HqD9dA==",
      "devOptional": true,
      "license": "Apache-2.0",
      "dependencies": {
        "@prisma/debug": "6.12.0"
      }
    },
    "node_modules/@radix-ui/react-compose-refs": {
      "version": "1.1.2",
      "resolved": "https://registry.npmjs.org/@radix-ui/react-compose-refs/-/react-compose-refs-1.1.2.tgz",
      "integrity": "sha512-z4eqJvfiNnFMHIIvXP3CY57y2WJs5g2v3X0zm9mEJkrkNv4rDxu+sg9Jh8EkXyeqBkB7SOcboo9dMVqhyrACIg==",
      "license": "MIT",
      "peerDependencies": {
        "@types/react": "*",
        "react": "^16.8 || ^17.0 || ^18.0 || ^19.0 || ^19.0.0-rc"
      },
      "peerDependenciesMeta": {
        "@types/react": {
          "optional": true
        }
      }
    },
    "node_modules/@radix-ui/react-slot": {
      "version": "1.2.3",
      "resolved": "https://registry.npmjs.org/@radix-ui/react-slot/-/react-slot-1.2.3.tgz",
      "integrity": "sha512-aeNmHnBxbi2St0au6VBVC7JXFlhLlOnvIIlePNniyUNAClzmtAUEY8/pBiK3iHjufOlwA+c20/8jngo7xcrg8A==",
      "license": "MIT",
      "dependencies": {
        "@radix-ui/react-compose-refs": "1.1.2"
      },
      "peerDependencies": {
        "@types/react": "*",
        "react": "^16.8 || ^17.0 || ^18.0 || ^19.0 || ^19.0.0-rc"
      },
      "peerDependenciesMeta": {
        "@types/react": {
          "optional": true
        }
      }
    },
    "node_modules/clsx": {
      "version": "2.1.1",
      "resolved": "https://registry.npmjs.org/clsx/-/clsx-2.1.1.tgz",
      "integrity": "sha512-eYm0QWBtUrBWZWG0d386OGAw16Z995PiOVo2B7bjWSbHedGl5e0ZWaq65kOGgUSNesEIDkB9ISbTg/JK9dhCZA==",
      "license": "MIT",
      "engines": {
        "node": ">=6"
      }
    },
    "node_modules/framer-motion": {
      "version": "12.23.9",
      "resolved": "https://registry.npmjs.org/framer-motion/-/framer-motion-12.23.9.tgz",
      "integrity": "sha512-TqEHXj8LWfQSKqfdr5Y4mYltYLw96deu6/K9kGDd+ysqRJPNwF9nb5mZcrLmybHbU7gcJ+HQar41U3UTGanbbQ==",
      "license": "MIT",
      "dependencies": {
        "motion-dom": "^12.23.9",
        "motion-utils": "^12.23.6",
        "tslib": "^2.4.0"
      },
      "peerDependencies": {
        "@emotion/is-prop-valid": "*",
        "react": "^18.0.0 || ^19.0.0",
        "react-dom": "^18.0.0 || ^19.0.0"
      },
      "peerDependenciesMeta": {
        "@emotion/is-prop-valid": {
          "optional": true
        },
        "react": {
          "optional": true
        },
        "react-dom": {
          "optional": true
        }
      }
    },
    "node_modules/jiti": {
      "version": "2.4.2",
      "resolved": "https://registry.npmjs.org/jiti/-/jiti-2.4.2.tgz",
      "integrity": "sha512-rg9zJN+G4n2nfJl5MW3BMygZX56zKPNVEYYqq7adpmMh4Jn2QNEwhvQlFy6jPVdcod7txZtKHWnyZiA3a0zP7A==",
      "devOptional": true,
      "license": "MIT",
      "bin": {
        "jiti": "lib/jiti-cli.mjs"
      }
    },
    "node_modules/lucide-react": {
      "version": "0.525.0",
      "resolved": "https://registry.npmjs.org/lucide-react/-/lucide-react-0.525.0.tgz",
      "integrity": "sha512-Tm1txJ2OkymCGkvwoHt33Y2JpN5xucVq1slHcgE6Lk0WjDfjgKWor5CdVER8U6DvcfMwh4M8XxmpTiyzfmfDYQ==",
      "license": "ISC",
      "peerDependencies": {
        "react": "^16.5.1 || ^17.0.0 || ^18.0.0 || ^19.0.0"
      }
    },
    "node_modules/motion-dom": {
      "version": "12.23.9",
      "resolved": "https://registry.npmjs.org/motion-dom/-/motion-dom-12.23.9.tgz",
      "integrity": "sha512-6Sv++iWS8XMFCgU1qwKj9l4xuC47Hp4+2jvPfyTXkqDg2tTzSgX6nWKD4kNFXk0k7llO59LZTPuJigza4A2K1A==",
      "license": "MIT",
      "dependencies": {
        "motion-utils": "^12.23.6"
      }
    },
    "node_modules/motion-utils": {
      "version": "12.23.6",
      "resolved": "https://registry.npmjs.org/motion-utils/-/motion-utils-12.23.6.tgz",
      "integrity": "sha512-eAWoPgr4eFEOFfg2WjIsMoqJTW6Z8MTUCgn/GZ3VRpClWBdnbjryiA3ZSNLyxCTmCQx4RmYX6jX1iWHbenUPNQ==",
      "license": "MIT"
    },
    "node_modules/next-themes": {
      "version": "0.4.6",
      "resolved": "https://registry.npmjs.org/next-themes/-/next-themes-0.4.6.tgz",
      "integrity": "sha512-pZvgD5L0IEvX5/9GWyHMf3m8BKiVQwsCMHfoFosXtXBMnaS0ZnIJ9ST4b4NqLVKDEm8QBxoNNGNaBv2JNF6XNA==",
      "license": "MIT",
      "peerDependencies": {
        "react": "^16.8 || ^17 || ^18 || ^19 || ^19.0.0-rc",
        "react-dom": "^16.8 || ^17 || ^18 || ^19 || ^19.0.0-rc"
      }
    },
    "node_modules/prisma": {
      "version": "6.12.0",
      "resolved": "https://registry.npmjs.org/prisma/-/prisma-6.12.0.tgz",
      "integrity": "sha512-pmV7NEqQej9WjizN6RSNIwf7Y+jeh9mY1JEX2WjGxJi4YZWexClhde1yz/FuvAM+cTwzchcMytu2m4I6wPkIzg==",
      "devOptional": true,
      "hasInstallScript": true,
      "license": "Apache-2.0",
      "dependencies": {
        "@prisma/config": "6.12.0",
        "@prisma/engines": "6.12.0"
      },
      "bin": {
        "prisma": "build/index.js"
      },
      "engines": {
        "node": ">=18.18"
      },
      "peerDependencies": {
        "typescript": ">=5.1.0"
      },
      "peerDependenciesMeta": {
        "typescript": {
          "optional": true
        }
      }
    },
    "node_modules/react": {
      "version": "19.1.0",
      "resolved": "https://registry.npmjs.org/react/-/react-19.1.0.tgz",
      "integrity": "sha512-FS+XFBNvn3GTAWq26joslQgWNoFu08F4kl0J4CgdNKADkdSGXQyTCnKteIAJy96Br6YbpEU1LSzV5dYtjMkMDg==",
      "license": "MIT",
      "peer": true,
      "engines": {
        "node": ">=0.10.0"
      }
    },
    "node_modules/react-dom": {
      "version": "19.1.0",
      "resolved": "https://registry.npmjs.org/react-dom/-/react-dom-19.1.0.tgz",
      "integrity": "sha512-Xs1hdnE+DyKgeHJeJznQmYMIBG3TKIHJJT95Q58nHLSrElKlGQqDTR2HQ9fx5CN/Gk6Vh/kupBTDLU11/nDk/g==",
      "license": "MIT",
      "peer": true,
      "dependencies": {
        "scheduler": "^0.26.0"
      },
      "peerDependencies": {
        "react": "^19.1.0"
      }
    },
    "node_modules/scheduler": {
      "version": "0.26.0",
      "resolved": "https://registry.npmjs.org/scheduler/-/scheduler-0.26.0.tgz",
      "integrity": "sha512-NlHwttCI/l5gCPR3D1nNXtWABUmBwvZpEQiD4IXSbIDq8BzLIK/7Ir5gTFSGZDUu37K5cMNp0hFtzO38sC7gWA==",
      "license": "MIT",
      "peer": true
    },
    "node_modules/tailwind-merge": {
      "version": "3.3.1",
      "resolved": "https://registry.npmjs.org/tailwind-merge/-/tailwind-merge-3.3.1.tgz",
      "integrity": "sha512-gBXpgUm/3rp1lMZZrM/w7D8GKqshif0zAymAhbCyIt8KMe+0v9DQ7cdYLR4FHH/cKpdTXb+A/tKKU3eolfsI+g==",
      "license": "MIT",
      "funding": {
        "type": "github",
        "url": "https://github.com/sponsors/dcastil"
      }
    },
    "node_modules/tslib": {
      "version": "2.8.1",
      "resolved": "https://registry.npmjs.org/tslib/-/tslib-2.8.1.tgz",
      "integrity": "sha512-oJFu94HQb+KVduSUQL7wnpmqnfmLsOA/nAh6b6EH0wCEoK0/mPeXU6c3wKDV83MkOuHPRHtSXKKU99IBazS/2w==",
      "license": "0BSD"
    }
  }
}
